
Microsoft Visual Studio Solution File, Format Version 12.00
# Visual Studio Version 17
VisualStudioVersion = 17.3.32819.101
MinimumVisualStudioVersion = 10.0.40219.1
Project("{FAE04EC0-301F-11D3-BF4B-00C04F79EFBC}") = "paint", "paint\paint.csproj", "{1D06F4E7-64E9-494C-A59B-AEC5E3519271}"
EndProject
Global
	GlobalSection(SolutionConfigurationPlatforms) = preSolution
		Debug|Any CPU = Debug|Any CPU
		Release|Any CPU = Release|Any CPU
	EndGlobalSection
	GlobalSection(ProjectConfigurationPlatforms) = postSolution
		{1D06F4E7-64E9-494C-A59B-AEC5E3519271}.Debug|Any CPU.ActiveCfg = Debug|Any CPU
		{1D06F4E7-64E9-494C-A59B-AEC5E3519271}.Debug|Any CPU.Build.0 = Debug|Any CPU
		{1D06F4E7-64E9-494C-A59B-AEC5E3519271}.Release|Any CPU.ActiveCfg = Release|Any CPU
		{1D06F4E7-64E9-494C-A59B-AEC5E3519271}.Release|Any CPU.Build.0 = Release|Any CPU
	EndGlobalSection
	GlobalSection(SolutionProperties) = preSolution
		HideSolutionNode = FALSE
	EndGlobalSection
	GlobalSection(ExtensibilityGlobals) = postSolution
		SolutionGuid = {99086657-4EBA-404A-89AC-ABD87921A1A1}
	EndGlobalSection
EndGlobal
